// !$*UTF8*$!
{
	archiveVersion = 1;
	classes = {
	};
	objectVersion = 50;
	objects = {

/* Begin PBXBuildFile section */
		847B2D56251F4B430046ECF1 /* ModeSelector.swift in Sources */ = {isa = PBXBuildFile; fileRef = 847B2D55251F4B430046ECF1 /* ModeSelector.swift */; };
		847B2D59251F4B5E0046ECF1 /* Data.swift in Sources */ = {isa = PBXBuildFile; fileRef = 847B2D58251F4B5E0046ECF1 /* Data.swift */; };
		847B2D5C251F4B700046ECF1 /* Mode.swift in Sources */ = {isa = PBXBuildFile; fileRef = 847B2D5B251F4B700046ECF1 /* Mode.swift */; };
		847B2D5F251F4B9F0046ECF1 /* CircularRular.swift in Sources */ = {isa = PBXBuildFile; fileRef = 847B2D5E251F4B9F0046ECF1 /* CircularRular.swift */; };
		847B2D62251F4BB60046ECF1 /* TemperatureView.swift in Sources */ = {isa = PBXBuildFile; fileRef = 847B2D61251F4BB60046ECF1 /* TemperatureView.swift */; };
		847B2D65251F4BCE0046ECF1 /* SmartScheduleView.swift in Sources */ = {isa = PBXBuildFile; fileRef = 847B2D64251F4BCE0046ECF1 /* SmartScheduleView.swift */; };
		847B2D68251F4BE00046ECF1 /* ModeSelectionView.swift in Sources */ = {isa = PBXBuildFile; fileRef = 847B2D67251F4BE00046ECF1 /* ModeSelectionView.swift */; };
		847B2D6B251F4BFA0046ECF1 /* FanSpeedView.swift in Sources */ = {isa = PBXBuildFile; fileRef = 847B2D6A251F4BFA0046ECF1 /* FanSpeedView.swift */; };
		847B2D6E251F4C0D0046ECF1 /* PowerView.swift in Sources */ = {isa = PBXBuildFile; fileRef = 847B2D6D251F4C0D0046ECF1 /* PowerView.swift */; };
		84847FB4250E5B3C000EF519 /* SmartHomeTemperatureWheelApp.swift in Sources */ = {isa = PBXBuildFile; fileRef = 84847FB3250E5B3C000EF519 /* SmartHomeTemperatureWheelApp.swift */; };
		84847FB6250E5B3C000EF519 /* ContentView.swift in Sources */ = {isa = PBXBuildFile; fileRef = 84847FB5250E5B3C000EF519 /* ContentView.swift */; };
		84847FB8250E5B3F000EF519 /* Assets.xcassets in Resources */ = {isa = PBXBuildFile; fileRef = 84847FB7250E5B3F000EF519 /* Assets.xcassets */; };
		84847FBB250E5B3F000EF519 /* Preview Assets.xcassets in Resources */ = {isa = PBXBuildFile; fileRef = 84847FBA250E5B3F000EF519 /* Preview Assets.xcassets */; };
/* End PBXBuildFile section */

/* Begin PBXFileReference section */
		847B2D55251F4B430046ECF1 /* ModeSelector.swift */ = {isa = PBXFileReference; lastKnownFileType = sourcecode.swift; path = ModeSelector.swift; sourceTree = "<group>"; };
		847B2D58251F4B5E0046ECF1 /* Data.swift */ = {isa = PBXFileReference; lastKnownFileType = sourcecode.swift; path = Data.swift; sourceTree = "<group>"; };
		847B2D5B251F4B700046ECF1 /* Mode.swift */ = {isa = PBXFileReference; lastKnownFileType = sourcecode.swift; path = Mode.swift; sourceTree = "<group>"; };
		847B2D5E251F4B9F0046ECF1 /* CircularRular.swift */ = {isa = PBXFileReference; lastKnownFileType = sourcecode.swift; path = CircularRular.swift; sourceTree = "<group>"; };
		847B2D61251F4BB60046ECF1 /* TemperatureView.swift */ = {isa = PBXFileReference; lastKnownFileType = sourcecode.swift; path = TemperatureView.swift; sourceTree = "<group>"; };
		847B2D64251F4BCE0046ECF1 /* SmartScheduleView.swift */ = {isa = PBXFileReference; lastKnownFileType = sourcecode.swift; path = SmartScheduleView.swift; sourceTree = "<group>"; };
		847B2D67251F4BE00046ECF1 /* ModeSelectionView.swift */ = {isa = PBXFileReference; lastKnownFileType = sourcecode.swift; path = ModeSelectionView.swift; sourceTree = "<group>"; };
		847B2D6A251F4BFA0046ECF1 /* FanSpeedView.swift */ = {isa = PBXFileReference; lastKnownFileType = sourcecode.swift; path = FanSpeedView.swift; sourceTree = "<group>"; };
		847B2D6D251F4C0D0046ECF1 /* PowerView.swift */ = {isa = PBXFileReference; lastKnownFileType = sourcecode.swift; path = PowerView.swift; sourceTree = "<group>"; };
		84847FB0250E5B3C000EF519 /* SmartHomeTemperatureWheel.app */ = {isa = PBXFileReference; explicitFileType = wrapper.application; includeInIndex = 0; path = SmartHomeTemperatureWheel.app; sourceTree = BUILT_PRODUCTS_DIR; };
		84847FB3250E5B3C000EF519 /* SmartHomeTemperatureWheelApp.swift */ = {isa = PBXFileReference; lastKnownFileType = sourcecode.swift; path = SmartHomeTemperatureWheelApp.swift; sourceTree = "<group>"; };
		84847FB5250E5B3C000EF519 /* ContentView.swift */ = {isa = PBXFileReference; lastKnownFileType = sourcecode.swift; path = ContentView.swift; sourceTree = "<group>"; };
		84847FB7250E5B3F000EF519 /* Assets.xcassets */ = {isa = PBXFileReference; lastKnownFileType = folder.assetcatalog; path = Assets.xcassets; sourceTree = "<group>"; };
		84847FBA250E5B3F000EF519 /* Preview Assets.xcassets */ = {isa = PBXFileReference; lastKnownFileType = folder.assetcatalog; path = "Preview Assets.xcassets"; sourceTree = "<group>"; };
		84847FBC250E5B3F000EF519 /* Info.plist */ = {isa = PBXFileReference; lastKnownFileType = text.plist.xml; path = Info.plist; sourceTree = "<group>"; };
/* End PBXFileReference section */

/* Begin PBXFrameworksBuildPhase section */
		84847FAD250E5B3C000EF519 /* Frameworks */ = {
			isa = PBXFrameworksBuildPhase;
			buildActionMask = 2147483647;
			files = (
			);
			runOnlyForDeploymentPostprocessing = 0;
		};
/* End PBXFrameworksBuildPhase section */

/* Begin PBXGroup section */
		847B2D70251F4C3B0046ECF1 /* View */ = {
			isa = PBXGroup;
			children = (
				84847FB5250E5B3C000EF519 /* ContentView.swift */,
				847B2D6D251F4C0D0046ECF1 /* PowerView.swift */,
				847B2D6A251F4BFA0046ECF1 /* FanSpeedView.swift */,
				847B2D67251F4BE00046ECF1 /* ModeSelectionView.swift */,
				847B2D64251F4BCE0046ECF1 /* SmartScheduleView.swift */,
				847B2D61251F4BB60046ECF1 /* TemperatureView.swift */,
				847B2D5E251F4B9F0046ECF1 /* CircularRular.swift */,
			);
			path = View;
			sourceTree = "<group>";
		};
		847B2D72251F4C460046ECF1 /* ViewModel */ = {
			isa = PBXGroup;
			children = (
				847B2D55251F4B430046ECF1 /* ModeSelector.swift */,
			);
			path = ViewModel;
			sourceTree = "<group>";
		};
		847B2D73251F4C4F0046ECF1 /* Data */ = {
			isa = PBXGroup;
			children = (
				847B2D58251F4B5E0046ECF1 /* Data.swift */,
			);
			path = Data;
			sourceTree = "<group>";
		};
		847B2D75251F4C550046ECF1 /* Model */ = {
			isa = PBXGroup;
			children = (
				847B2D5B251F4B700046ECF1 /* Mode.swift */,
			);
			path = Model;
			sourceTree = "<group>";
		};
		84847FA7250E5B3C000EF519 = {
			isa = PBXGroup;
			children = (
				84847FB2250E5B3C000EF519 /* SmartHomeTemperatureWheel */,
				84847FB1250E5B3C000EF519 /* Products */,
			);
			sourceTree = "<group>";
		};
		84847FB1250E5B3C000EF519 /* Products */ = {
			isa = PBXGroup;
			children = (
				84847FB0250E5B3C000EF519 /* SmartHomeTemperatureWheel.app */,
			);
			name = Products;
			sourceTree = "<group>";
		};
		84847FB2250E5B3C000EF519 /* SmartHomeTemperatureWheel */ = {
			isa = PBXGroup;
			children = (
				84847FB3250E5B3C000EF519 /* SmartHomeTemperatureWheelApp.swift */,
				847B2D70251F4C3B0046ECF1 /* View */,
				847B2D75251F4C550046ECF1 /* Model */,
				847B2D72251F4C460046ECF1 /* ViewModel */,
				847B2D73251F4C4F0046ECF1 /* Data */,
				84847FB7250E5B3F000EF519 /* Assets.xcassets */,
				84847FBC250E5B3F000EF519 /* Info.plist */,
				84847FB9250E5B3F000EF519 /* Preview Content */,
			);
			path = SmartHomeTemperatureWheel;
			sourceTree = "<group>";
		};
		84847FB9250E5B3F000EF519 /* Preview Content */ = {
			isa = PBXGroup;
			children = (
				84847FBA250E5B3F000EF519 /* Preview Assets.xcassets */,
			);
			path = "Preview Content";
			sourceTree = "<group>";
		};
/* End PBXGroup section */

/* Begin PBXNativeTarget section */
		84847FAF250E5B3C000EF519 /* SmartHomeTemperatureWheel */ = {
			isa = PBXNativeTarget;
			buildConfigurationList = 84847FBF250E5B3F000EF519 /* Build configuration list for PBXNativeTarget "SmartHomeTemperatureWheel" */;
			buildPhases = (
				84847FAC250E5B3C000EF519 /* Sources */,
				84847FAD250E5B3C000EF519 /* Frameworks */,
				84847FAE250E5B3C000EF519 /* Resources */,
			);
			buildRules = (
			);
			dependencies = (
			);
			name = SmartHomeTemperatureWheel;
			productName = SmartHomeTemperatureWheel;
			productReference = 84847FB0250E5B3C000EF519 /* SmartHomeTemperatureWheel.app */;
			productType = "com.apple.product-type.application";
		};
/* End PBXNativeTarget section */

/* Begin PBXProject section */
		84847FA8250E5B3C000EF519 /* Project object */ = {
			isa = PBXProject;
			attributes = {
				LastSwiftUpdateCheck = 1200;
				LastUpgradeCheck = 1200;
				TargetAttributes = {
					84847FAF250E5B3C000EF519 = {
						CreatedOnToolsVersion = 12.0;
					};
				};
			};
			buildConfigurationList = 84847FAB250E5B3C000EF519 /* Build configuration list for PBXProject "SmartHomeTemperatureWheel" */;
			compatibilityVersion = "Xcode 9.3";
			developmentRegion = en;
			hasScannedForEncodings = 0;
			knownRegions = (
				en,
				Base,
			);
			mainGroup = 84847FA7250E5B3C000EF519;
			productRefGroup = 84847FB1250E5B3C000EF519 /* Products */;
			projectDirPath = "";
			projectRoot = "";
			targets = (
				84847FAF250E5B3C000EF519 /* SmartHomeTemperatureWheel */,
			);
		};
/* End PBXProject section */

/* Begin PBXResourcesBuildPhase section */
		84847FAE250E5B3C000EF519 /* Resources */ = {
			isa = PBXResourcesBuildPhase;
			buildActionMask = 2147483647;
			files = (
				84847FBB250E5B3F000EF519 /* Preview Assets.xcassets in Resources */,
				84847FB8250E5B3F000EF519 /* Assets.xcassets in Resources */,
			);
			runOnlyForDeploymentPostprocessing = 0;
		};
/* End PBXResourcesBuildPhase section */

/* Begin PBXSourcesBuildPhase section */
		84847FAC250E5B3C000EF519 /* Sources */ = {
			isa = PBXSourcesBuildPhase;
			buildActionMask = 2147483647;
			files = (
				847B2D68251F4BE00046ECF1 /* ModeSelectionView.swift in Sources */,
				847B2D56251F4B430046ECF1 /* ModeSelector.swift in Sources */,
				847B2D6B251F4BFA0046ECF1 /* FanSpeedView.swift in Sources */,
				847B2D6E251F4C0D0046ECF1 /* PowerView.swift in Sources */,
				847B2D65251F4BCE0046ECF1 /* SmartScheduleView.swift in Sources */,
				847B2D5F251F4B9F0046ECF1 /* CircularRular.swift in Sources */,
				847B2D5C251F4B700046ECF1 /* Mode.swift in Sources */,
				84847FB6250E5B3C000EF519 /* ContentView.swift in Sources */,
				84847FB4250E5B3C000EF519 /* SmartHomeTemperatureWheelApp.swift in Sources */,
				847B2D62251F4BB60046ECF1 /* TemperatureView.swift in Sources */,
				847B2D59251F4B5E0046ECF1 /* Data.swift in Sources */,
			);
			runOnlyForDeploymentPostprocessing = 0;
		};
/* End PBXSourcesBuildPhase section */

/* Begin XCBuildConfiguration section */
		84847FBD250E5B3F000EF519 /* Debug */ = {
			isa = XCBuildConfiguration;
			buildSettings = {
				ALWAYS_SEARCH_USER_PATHS = NO;
				CLANG_ANALYZER_NONNULL = YES;
				CLANG_ANALYZER_NUMBER_OBJECT_CONVERSION = YES_AGGRESSIVE;
				CLANG_CXX_LANGUAGE_STANDARD = "gnu++14";
				CLANG_CXX_LIBRARY = "libc++";
				CLANG_ENABLE_MODULES = YES;
				CLANG_ENABLE_OBJC_ARC = YES;
				CLANG_ENABLE_OBJC_WEAK = YES;
				CLANG_WARN_BLOCK_CAPTURE_AUTORELEASING = YES;
				CLANG_WARN_BOOL_CONVERSION = YES;
				CLANG_WARN_COMMA = YES;
				CLANG_WARN_CONSTANT_CONVERSION = YES;
				CLANG_WARN_DEPRECATED_OBJC_IMPLEMENTATIONS = YES;
				CLANG_WARN_DIRECT_OBJC_ISA_USAGE = YES_ERROR;
				CLANG_WARN_DOCUMENTATION_COMMENTS = YES;
				CLANG_WARN_EMPTY_BODY = YES;
				CLANG_WARN_ENUM_CONVERSION = YES;
				CLANG_WARN_INFINITE_RECURSION = YES;
				CLANG_WARN_INT_CONVERSION = YES;
				CLANG_WARN_NON_LITERAL_NULL_CONVERSION = YES;
				CLANG_WARN_OBJC_IMPLICIT_RETAIN_SELF = YES;
				CLANG_WARN_OBJC_LITERAL_CONVERSION = YES;
				CLANG_WARN_OBJC_ROOT_CLASS = YES_ERROR;
				CLANG_WARN_QUOTED_INCLUDE_IN_FRAMEWORK_HEADER = YES;
				CLANG_WARN_RANGE_LOOP_ANALYSIS = YES;
				CLANG_WARN_STRICT_PROTOTYPES = YES;
				CLANG_WARN_SUSPICIOUS_MOVE = YES;
				CLANG_WARN_UNGUARDED_AVAILABILITY = YES_AGGRESSIVE;
				CLANG_WARN_UNREACHABLE_CODE = YES;
				CLANG_WARN__DUPLICATE_METHOD_MATCH = YES;
				COPY_PHASE_STRIP = NO;
				DEBUG_INFORMATION_FORMAT = dwarf;
				ENABLE_STRICT_OBJC_MSGSEND = YES;
				ENABLE_TESTABILITY = YES;
				GCC_C_LANGUAGE_STANDARD = gnu11;
				GCC_DYNAMIC_NO_PIC = NO;
				GCC_NO_COMMON_BLOCKS = YES;
				GCC_OPTIMIZATION_LEVEL = 0;
				GCC_PREPROCESSOR_DEFINITIONS = (
					"DEBUG=1",
					"$(inherited)",
				);
				GCC_WARN_64_TO_32_BIT_CONVERSION = YES;
				GCC_WARN_ABOUT_RETURN_TYPE = YES_ERROR;
				GCC_WARN_UNDECLARED_SELECTOR = YES;
				GCC_WARN_UNINITIALIZED_AUTOS = YES_AGGRESSIVE;
				GCC_WARN_UNUSED_FUNCTION = YES;
				GCC_WARN_UNUSED_VARIABLE = YES;
				IPHONEOS_DEPLOYMENT_TARGET = 14.0;
				MTL_ENABLE_DEBUG_INFO = INCLUDE_SOURCE;
				MTL_FAST_MATH = YES;
				ONLY_ACTIVE_ARCH = YES;
				SDKROOT = iphoneos;
				SWIFT_ACTIVE_COMPILATION_CONDITIONS = DEBUG;
				SWIFT_OPTIMIZATION_LEVEL = "-Onone";
			};
			name = Debug;
		};
		84847FBE250E5B3F000EF519 /* Release */ = {
			isa = XCBuildConfiguration;
			buildSettings = {
				ALWAYS_SEARCH_USER_PATHS = NO;
				CLANG_ANALYZER_NONNULL = YES;
				CLANG_ANALYZER_NUMBER_OBJECT_CONVERSION = YES_AGGRESSIVE;
				CLANG_CXX_LANGUAGE_STANDARD = "gnu++14";
				CLANG_CXX_LIBRARY = "libc++";
				CLANG_ENABLE_MODULES = YES;
				CLANG_ENABLE_OBJC_ARC = YES;
				CLANG_ENABLE_OBJC_WEAK = YES;
				CLANG_WARN_BLOCK_CAPTURE_AUTORELEASING = YES;
				CLANG_WARN_BOOL_CONVERSION = YES;
				CLANG_WARN_COMMA = YES;
				CLANG_WARN_CONSTANT_CONVERSION = YES;
				CLANG_WARN_DEPRECATED_OBJC_IMPLEMENTATIONS = YES;
				CLANG_WARN_DIRECT_OBJC_ISA_USAGE = YES_ERROR;
				CLANG_WARN_DOCUMENTATION_COMMENTS = YES;
				CLANG_WARN_EMPTY_BODY = YES;
				CLANG_WARN_ENUM_CONVERSION = YES;
				CLANG_WARN_INFINITE_RECURSION = YES;
				CLANG_WARN_INT_CONVERSION = YES;
				CLANG_WARN_NON_LITERAL_NULL_CONVERSION = YES;
				CLANG_WARN_OBJC_IMPLICIT_RETAIN_SELF = YES;
				CLANG_WARN_OBJC_LITERAL_CONVERSION = YES;
				CLANG_WARN_OBJC_ROOT_CLASS = YES_ERROR;
				CLANG_WARN_QUOTED_INCLUDE_IN_FRAMEWORK_HEADER = YES;
				CLANG_WARN_RANGE_LOOP_ANALYSIS = YES;
				CLANG_WARN_STRICT_PROTOTYPES = YES;
				CLANG_WARN_SUSPICIOUS_MOVE = YES;
				CLANG_WARN_UNGUARDED_AVAILABILITY = YES_AGGRESSIVE;
				CLANG_WARN_UNREACHABLE_CODE = YES;
				CLANG_WARN__DUPLICATE_METHOD_MATCH = YES;
				COPY_PHASE_STRIP = NO;
				DEBUG_INFORMATION_FORMAT = "dwarf-with-dsym";
				ENABLE_NS_ASSERTIONS = NO;
				ENABLE_STRICT_OBJC_MSGSEND = YES;
				GCC_C_LANGUAGE_STANDARD = gnu11;
				GCC_NO_COMMON_BLOCKS = YES;
				GCC_WARN_64_TO_32_BIT_CONVERSION = YES;
				GCC_WARN_ABOUT_RETURN_TYPE = YES_ERROR;
				GCC_WARN_UNDECLARED_SELECTOR = YES;
				GCC_WARN_UNINITIALIZED_AUTOS = YES_AGGRESSIVE;
				GCC_WARN_UNUSED_FUNCTION = YES;
				GCC_WARN_UNUSED_VARIABLE = YES;
				IPHONEOS_DEPLOYMENT_TARGET = 14.0;
				MTL_ENABLE_DEBUG_INFO = NO;
				MTL_FAST_MATH = YES;
				SDKROOT = iphoneos;
				SWIFT_COMPILATION_MODE = wholemodule;
				SWIFT_OPTIMIZATION_LEVEL = "-O";
				VALIDATE_PRODUCT = YES;
			};
			name = Release;
		};
		84847FC0250E5B3F000EF519 /* Debug */ = {
			isa = XCBuildConfiguration;
			buildSettings = {
				ASSETCATALOG_COMPILER_APPICON_NAME = AppIcon;
				ASSETCATALOG_COMPILER_GLOBAL_ACCENT_COLOR_NAME = AccentColor;
				CODE_SIGN_STYLE = Automatic;
				DEVELOPMENT_ASSET_PATHS = "\"SmartHomeTemperatureWheel/Preview Content\"";
				DEVELOPMENT_TEAM = 3EYUW49QFV;
				ENABLE_PREVIEWS = YES;
				INFOPLIST_FILE = SmartHomeTemperatureWheel/Info.plist;
				IPHONEOS_DEPLOYMENT_TARGET = 14.0;
				LD_RUNPATH_SEARCH_PATHS = (
					"$(inherited)",
					"@executable_path/Frameworks",
				);
				PRODUCT_BUNDLE_IDENTIFIER = com.a7studio.SmartHomeTemperatureWheel;
				PRODUCT_NAME = "$(TARGET_NAME)";
				SWIFT_VERSION = 5.0;
				TARGETED_DEVICE_FAMILY = "1,2";
			};
			name = Debug;
		};
		84847FC1250E5B3F000EF519 /* Release */ = {
			isa = XCBuildConfiguration;
			buildSettings = {
				ASSETCATALOG_COMPILER_APPICON_NAME = AppIcon;
				ASSETCATALOG_COMPILER_GLOBAL_ACCENT_COLOR_NAME = AccentColor;
				CODE_SIGN_STYLE = Automatic;
				DEVELOPMENT_ASSET_PATHS = "\"SmartHomeTemperatureWheel/Preview Content\"";
				DEVELOPMENT_TEAM = 3EYUW49QFV;
				ENABLE_PREVIEWS = YES;
				INFOPLIST_FILE = SmartHomeTemperatureWheel/Info.plist;
				IPHONEOS_DEPLOYMENT_TARGET = 14.0;
				LD_RUNPATH_SEARCH_PATHS = (
					"$(inherited)",
					"@executable_path/Frameworks",
				);
				PRODUCT_BUNDLE_IDENTIFIER = com.a7studio.SmartHomeTemperatureWheel;
				PRODUCT_NAME = "$(TARGET_NAME)";
				SWIFT_VERSION = 5.0;
				TARGETED_DEVICE_FAMILY = "1,2";
			};
			name = Release;
		};
/* End XCBuildConfiguration section */

/* Begin XCConfigurationList section */
		84847FAB250E5B3C000EF519 /* Build configuration list for PBXProject "SmartHomeTemperatureWheel" */ = {
			isa = XCConfigurationList;
			buildConfigurations = (
				84847FBD250E5B3F000EF519 /* Debug */,
				84847FBE250E5B3F000EF519 /* Release */,
			);
			defaultConfigurationIsVisible = 0;
			defaultConfigurationName = Release;
		};
		84847FBF250E5B3F000EF519 /* Build configuration list for PBXNativeTarget "SmartHomeTemperatureWheel" */ = {
			isa = XCConfigurationList;
			buildConfigurations = (
				84847FC0250E5B3F000EF519 /* Debug */,
				84847FC1250E5B3F000EF519 /* Release */,
			);
			defaultConfigurationIsVisible = 0;
			defaultConfigurationName = Release;
		};
/* End XCConfigurationList section */
	};
	rootObject = 84847FA8250E5B3C000EF519 /* Project object */;
}
